
Microsoft Visual Studio Solution File, Format Version 12.00
# Visual Studio Version 16
VisualStudioVersion = 16.0.30320.27
MinimumVisualStudioVersion = 10.0.40219.1
Project("{9A19103F-16F7-4668-BE54-9A1E7A4F7556}") = "IRRIGATIONAPP", "IRRIGATIONAPP.csproj", "{4462B8C5-9395-4A9D-9FEC-705578DCE4E2}"
EndProject
Project("{9A19103F-16F7-4668-BE54-9A1E7A4F7556}") = "IRRIGATIONDLL", "..\IRRIGATIONDLL\IRRIGATIONDLL.csproj", "{1C03675D-F6ED-4118-A877-8B029CB074FB}"
EndProject
Global
	GlobalSection(SolutionConfigurationPlatforms) = preSolution
		Debug|Any CPU = Debug|Any CPU
		Release|Any CPU = Release|Any CPU
	EndGlobalSection
	GlobalSection(ProjectConfigurationPlatforms) = postSolution
		{4462B8C5-9395-4A9D-9FEC-705578DCE4E2}.Debug|Any CPU.ActiveCfg = Debug|Any CPU
		{4462B8C5-9395-4A9D-9FEC-705578DCE4E2}.Debug|Any CPU.Build.0 = Debug|Any CPU
		{4462B8C5-9395-4A9D-9FEC-705578DCE4E2}.Release|Any CPU.ActiveCfg = Release|Any CPU
		{4462B8C5-9395-4A9D-9FEC-705578DCE4E2}.Release|Any CPU.Build.0 = Release|Any CPU
		{1C03675D-F6ED-4118-A877-8B029CB074FB}.Debug|Any CPU.ActiveCfg = Debug|Any CPU
		{1C03675D-F6ED-4118-A877-8B029CB074FB}.Debug|Any CPU.Build.0 = Debug|Any CPU
		{1C03675D-F6ED-4118-A877-8B029CB074FB}.Release|Any CPU.ActiveCfg = Release|Any CPU
		{1C03675D-F6ED-4118-A877-8B029CB074FB}.Release|Any CPU.Build.0 = Release|Any CPU
	EndGlobalSection
	GlobalSection(SolutionProperties) = preSolution
		HideSolutionNode = FALSE
	EndGlobalSection
	GlobalSection(ExtensibilityGlobals) = postSolution
		SolutionGuid = {2C596C84-078D-47C1-A6A1-E5F4B342C78D}
	EndGlobalSection
EndGlobal
